
Microsoft Visual Studio Solution File, Format Version 12.00
# Visual Studio Version 16
VisualStudioVersion = 16.0.32602.291
MinimumVisualStudioVersion = 10.0.40219.1
Project("{2150E333-8FDC-42A3-9474-1A3956D46DE8}") = "1.Basic", "1.Basic", "{A05FB7F1-F693-4F57-A8F4-324B48D31DB3}"
EndProject
Project("{9A19103F-16F7-4668-BE54-9A1E7A4F7556}") = "StartupDemo", "StartupDemo\StartupDemo.csproj", "{73468A5C-6E89-4F2F-95C6-8A9B8B690927}"
EndProject
Project("{9A19103F-16F7-4668-BE54-9A1E7A4F7556}") = "DependencyInjectionDemo", "DependencyInjectionDemo\DependencyInjectionDemo.csproj", "{76968AAD-2011-4EC5-BFE5-ACF7AA538534}"
EndProject
Project("{9A19103F-16F7-4668-BE54-9A1E7A4F7556}") = "DependencyInjectionScopeAndDisposableDemo", "DependencyInjectionScopeAndDisposableDemo\DependencyInjectionScopeAndDisposableDemo.csproj", "{68A6400B-A34D-4695-A2A1-FB29DC746C28}"
EndProject
Project("{2150E333-8FDC-42A3-9474-1A3956D46DE8}") = "2.Microservice", "2.Microservice", "{1EFB4BEC-15DF-4C95-9C1C-60D3BAE89CFE}"
EndProject
Project("{2150E333-8FDC-42A3-9474-1A3956D46DE8}") = "0.Intro", "0.Intro", "{DCD9361C-3E65-4F65-8709-AE5990556722}"
	ProjectSection(SolutionItems) = preProject
		README.md = README.md
	EndProjectSection
EndProject
Project("{2150E333-8FDC-42A3-9474-1A3956D46DE8}") = "3.Kubernetes", "3.Kubernetes", "{FCB44C24-8D84-4B4F-BCB7-21EA886483E0}"
EndProject
Project("{9A19103F-16F7-4668-BE54-9A1E7A4F7556}") = "DependencyInjectionAutofacDemo", "DependencyInjectionAutofacDemo\DependencyInjectionAutofacDemo.csproj", "{C30DE484-F563-46CE-8453-AA9403772797}"
EndProject
Project("{FAE04EC0-301F-11D3-BF4B-00C04F79EFBC}") = "ConfigurationDemo", "ConfigurationDemo\ConfigurationDemo.csproj", "{D8AEE5BA-3BC5-4124-81CE-6BAB01E005A2}"
EndProject
Project("{FAE04EC0-301F-11D3-BF4B-00C04F79EFBC}") = "ConfigurationCommandLineDemo", "ConfigurationCommandLineDemo\ConfigurationCommandLineDemo.csproj", "{E812790D-2849-4339-AABF-2203E6802EED}"
EndProject
Project("{FAE04EC0-301F-11D3-BF4B-00C04F79EFBC}") = "ConfigurationEnvironmentVariablesDemo", "ConfigurationEnvironmentVariablesDemo\ConfigurationEnvironmentVariablesDemo.csproj", "{3E9082FF-35A8-41CD-8FB4-E30CFBE50375}"
EndProject
Project("{FAE04EC0-301F-11D3-BF4B-00C04F79EFBC}") = "ConfigurationFileDemo", "ConfigurationFileDemo\ConfigurationFileDemo.csproj", "{E59E831A-0F52-4062-A444-C4FDB16CDB5D}"
EndProject
Project("{FAE04EC0-301F-11D3-BF4B-00C04F79EFBC}") = "ConfigurationCustomDemo", "ConfigurationCustomDemo\ConfigurationCustomDemo.csproj", "{0861794A-C1DE-43E3-8593-59FE6E308433}"
EndProject
Project("{FAE04EC0-301F-11D3-BF4B-00C04F79EFBC}") = "OptionsDemo", "OptionsDemo\OptionsDemo.csproj", "{9E42EBA2-AFAB-4B17-9C8C-C5AEB931E7E8}"
EndProject
Global
	GlobalSection(SolutionConfigurationPlatforms) = preSolution
		Debug|Any CPU = Debug|Any CPU
		Release|Any CPU = Release|Any CPU
	EndGlobalSection
	GlobalSection(ProjectConfigurationPlatforms) = postSolution
		{73468A5C-6E89-4F2F-95C6-8A9B8B690927}.Debug|Any CPU.ActiveCfg = Debug|Any CPU
		{73468A5C-6E89-4F2F-95C6-8A9B8B690927}.Debug|Any CPU.Build.0 = Debug|Any CPU
		{73468A5C-6E89-4F2F-95C6-8A9B8B690927}.Release|Any CPU.ActiveCfg = Release|Any CPU
		{73468A5C-6E89-4F2F-95C6-8A9B8B690927}.Release|Any CPU.Build.0 = Release|Any CPU
		{76968AAD-2011-4EC5-BFE5-ACF7AA538534}.Debug|Any CPU.ActiveCfg = Debug|Any CPU
		{76968AAD-2011-4EC5-BFE5-ACF7AA538534}.Debug|Any CPU.Build.0 = Debug|Any CPU
		{76968AAD-2011-4EC5-BFE5-ACF7AA538534}.Release|Any CPU.ActiveCfg = Release|Any CPU
		{76968AAD-2011-4EC5-BFE5-ACF7AA538534}.Release|Any CPU.Build.0 = Release|Any CPU
		{68A6400B-A34D-4695-A2A1-FB29DC746C28}.Debug|Any CPU.ActiveCfg = Debug|Any CPU
		{68A6400B-A34D-4695-A2A1-FB29DC746C28}.Debug|Any CPU.Build.0 = Debug|Any CPU
		{68A6400B-A34D-4695-A2A1-FB29DC746C28}.Release|Any CPU.ActiveCfg = Release|Any CPU
		{68A6400B-A34D-4695-A2A1-FB29DC746C28}.Release|Any CPU.Build.0 = Release|Any CPU
		{C30DE484-F563-46CE-8453-AA9403772797}.Debug|Any CPU.ActiveCfg = Debug|Any CPU
		{C30DE484-F563-46CE-8453-AA9403772797}.Debug|Any CPU.Build.0 = Debug|Any CPU
		{C30DE484-F563-46CE-8453-AA9403772797}.Release|Any CPU.ActiveCfg = Release|Any CPU
		{C30DE484-F563-46CE-8453-AA9403772797}.Release|Any CPU.Build.0 = Release|Any CPU
		{D8AEE5BA-3BC5-4124-81CE-6BAB01E005A2}.Debug|Any CPU.ActiveCfg = Debug|Any CPU
		{D8AEE5BA-3BC5-4124-81CE-6BAB01E005A2}.Debug|Any CPU.Build.0 = Debug|Any CPU
		{D8AEE5BA-3BC5-4124-81CE-6BAB01E005A2}.Release|Any CPU.ActiveCfg = Release|Any CPU
		{D8AEE5BA-3BC5-4124-81CE-6BAB01E005A2}.Release|Any CPU.Build.0 = Release|Any CPU
		{E812790D-2849-4339-AABF-2203E6802EED}.Debug|Any CPU.ActiveCfg = Debug|Any CPU
		{E812790D-2849-4339-AABF-2203E6802EED}.Debug|Any CPU.Build.0 = Debug|Any CPU
		{E812790D-2849-4339-AABF-2203E6802EED}.Release|Any CPU.ActiveCfg = Release|Any CPU
		{E812790D-2849-4339-AABF-2203E6802EED}.Release|Any CPU.Build.0 = Release|Any CPU
		{3E9082FF-35A8-41CD-8FB4-E30CFBE50375}.Debug|Any CPU.ActiveCfg = Debug|Any CPU
		{3E9082FF-35A8-41CD-8FB4-E30CFBE50375}.Debug|Any CPU.Build.0 = Debug|Any CPU
		{3E9082FF-35A8-41CD-8FB4-E30CFBE50375}.Release|Any CPU.ActiveCfg = Release|Any CPU
		{3E9082FF-35A8-41CD-8FB4-E30CFBE50375}.Release|Any CPU.Build.0 = Release|Any CPU
		{E59E831A-0F52-4062-A444-C4FDB16CDB5D}.Debug|Any CPU.ActiveCfg = Debug|Any CPU
		{E59E831A-0F52-4062-A444-C4FDB16CDB5D}.Debug|Any CPU.Build.0 = Debug|Any CPU
		{E59E831A-0F52-4062-A444-C4FDB16CDB5D}.Release|Any CPU.ActiveCfg = Release|Any CPU
		{E59E831A-0F52-4062-A444-C4FDB16CDB5D}.Release|Any CPU.Build.0 = Release|Any CPU
		{0861794A-C1DE-43E3-8593-59FE6E308433}.Debug|Any CPU.ActiveCfg = Debug|Any CPU
		{0861794A-C1DE-43E3-8593-59FE6E308433}.Debug|Any CPU.Build.0 = Debug|Any CPU
		{0861794A-C1DE-43E3-8593-59FE6E308433}.Release|Any CPU.ActiveCfg = Release|Any CPU
		{0861794A-C1DE-43E3-8593-59FE6E308433}.Release|Any CPU.Build.0 = Release|Any CPU
		{9E42EBA2-AFAB-4B17-9C8C-C5AEB931E7E8}.Debug|Any CPU.ActiveCfg = Debug|Any CPU
		{9E42EBA2-AFAB-4B17-9C8C-C5AEB931E7E8}.Debug|Any CPU.Build.0 = Debug|Any CPU
		{9E42EBA2-AFAB-4B17-9C8C-C5AEB931E7E8}.Release|Any CPU.ActiveCfg = Release|Any CPU
		{9E42EBA2-AFAB-4B17-9C8C-C5AEB931E7E8}.Release|Any CPU.Build.0 = Release|Any CPU
	EndGlobalSection
	GlobalSection(SolutionProperties) = preSolution
		HideSolutionNode = FALSE
	EndGlobalSection
	GlobalSection(NestedProjects) = preSolution
		{73468A5C-6E89-4F2F-95C6-8A9B8B690927} = {A05FB7F1-F693-4F57-A8F4-324B48D31DB3}
		{76968AAD-2011-4EC5-BFE5-ACF7AA538534} = {A05FB7F1-F693-4F57-A8F4-324B48D31DB3}
		{68A6400B-A34D-4695-A2A1-FB29DC746C28} = {A05FB7F1-F693-4F57-A8F4-324B48D31DB3}
		{C30DE484-F563-46CE-8453-AA9403772797} = {A05FB7F1-F693-4F57-A8F4-324B48D31DB3}
		{D8AEE5BA-3BC5-4124-81CE-6BAB01E005A2} = {A05FB7F1-F693-4F57-A8F4-324B48D31DB3}
		{E812790D-2849-4339-AABF-2203E6802EED} = {A05FB7F1-F693-4F57-A8F4-324B48D31DB3}
		{3E9082FF-35A8-41CD-8FB4-E30CFBE50375} = {A05FB7F1-F693-4F57-A8F4-324B48D31DB3}
		{E59E831A-0F52-4062-A444-C4FDB16CDB5D} = {A05FB7F1-F693-4F57-A8F4-324B48D31DB3}
		{0861794A-C1DE-43E3-8593-59FE6E308433} = {A05FB7F1-F693-4F57-A8F4-324B48D31DB3}
		{9E42EBA2-AFAB-4B17-9C8C-C5AEB931E7E8} = {A05FB7F1-F693-4F57-A8F4-324B48D31DB3}
	EndGlobalSection
	GlobalSection(ExtensibilityGlobals) = postSolution
		SolutionGuid = {782A5007-7C00-4A7C-800E-3E0430908147}
	EndGlobalSection
EndGlobal
